Microsoft Visual Studio Solution File, Format Version 11.00
# Visual Studio 2010
Project("{F184B08F-C81C-45F6-A57F-5ABD9991F28F}") = "MwtWinDll", "MwtWinDll.vbproj", "{78332537-7ECC-4B74-8AA9-BA66AB296AF0}"
EndProject
Project("{54435603-DBB4-11D2-8724-00A0C9A8B90C}") = "MwtWinDll_Installer", "MwtWinDll_Installer\MwtWinDll_Installer.vdproj", "{DD0C8D49-B8B0-4249-AB2A-B4F449ABB154}"
EndProject
Global
	GlobalSection(SolutionConfigurationPlatforms) = preSolution
		Debug|Any CPU = Debug|Any CPU
		Release|Any CPU = Release|Any CPU
	EndGlobalSection
	GlobalSection(ProjectConfigurationPlatforms) = postSolution
		{78332537-7ECC-4B74-8AA9-BA66AB296AF0}.Debug|Any CPU.ActiveCfg = Debug|Any CPU
		{78332537-7ECC-4B74-8AA9-BA66AB296AF0}.Debug|Any CPU.Build.0 = Debug|Any CPU
		{78332537-7ECC-4B74-8AA9-BA66AB296AF0}.Release|Any CPU.ActiveCfg = Release|Any CPU
		{78332537-7ECC-4B74-8AA9-BA66AB296AF0}.Release|Any CPU.Build.0 = Release|Any CPU
		{DD0C8D49-B8B0-4249-AB2A-B4F449ABB154}.Debug|Any CPU.ActiveCfg = Debug
		{DD0C8D49-B8B0-4249-AB2A-B4F449ABB154}.Release|Any CPU.ActiveCfg = Release
	EndGlobalSection
	GlobalSection(SolutionProperties) = preSolution
		HideSolutionNode = FALSE
	EndGlobalSection
EndGlobal
