
Microsoft Visual Studio Solution File, Format Version 11.00
# Visual Studio 2010
Project("{FAE04EC0-301F-11D3-BF4B-00C04F79EFBC}") = "MolecularWeightCalculatorLib", "..\MolecularWeightCalculatorLib\MolecularWeightCalculatorLib.csproj", "{78332537-7ECC-4B74-8AA9-BA66AB296AF0}"
EndProject
Project("{FAE04EC0-301F-11D3-BF4B-00C04F79EFBC}") = "MwtWinDllTestCS", "MwtWinDllTestCS.csproj", "{77AEA4B5-F133-4D02-8A55-0A65DACD1B04}"
EndProject
Global
	GlobalSection(SolutionConfigurationPlatforms) = preSolution
		Debug|Any CPU = Debug|Any CPU
		Release|Any CPU = Release|Any CPU
	EndGlobalSection
	GlobalSection(ProjectConfigurationPlatforms) = postSolution
		{78332537-7ECC-4B74-8AA9-BA66AB296AF0}.Debug|Any CPU.ActiveCfg = Debug|Any CPU
		{78332537-7ECC-4B74-8AA9-BA66AB296AF0}.Debug|Any CPU.Build.0 = Debug|Any CPU
		{78332537-7ECC-4B74-8AA9-BA66AB296AF0}.Release|Any CPU.ActiveCfg = Release|Any CPU
		{78332537-7ECC-4B74-8AA9-BA66AB296AF0}.Release|Any CPU.Build.0 = Release|Any CPU
		{77AEA4B5-F133-4D02-8A55-0A65DACD1B04}.Debug|Any CPU.ActiveCfg = Debug|Any CPU
		{77AEA4B5-F133-4D02-8A55-0A65DACD1B04}.Debug|Any CPU.Build.0 = Debug|Any CPU
		{77AEA4B5-F133-4D02-8A55-0A65DACD1B04}.Release|Any CPU.ActiveCfg = Release|Any CPU
		{77AEA4B5-F133-4D02-8A55-0A65DACD1B04}.Release|Any CPU.Build.0 = Release|Any CPU
	EndGlobalSection
	GlobalSection(SolutionProperties) = preSolution
		HideSolutionNode = FALSE
	EndGlobalSection
EndGlobal
